
Microsoft Visual Studio Solution File, Format Version 12.00
# Visual Studio Version 17
VisualStudioVersion = 17.0.31521.260
MinimumVisualStudioVersion = 10.0.40219.1
Project("{9A19103F-16F7-4668-BE54-9A1E7A4F7556}") = "BlazorProducts.Client", "BlazorProducts.Client\BlazorProducts.Client.csproj", "{02D75E68-F420-4497-91EA-C98FC19415DD}"
EndProject
Global
	GlobalSection(SolutionConfigurationPlatforms) = preSolution
		Debug|Any CPU = Debug|Any CPU
		Release|Any CPU = Release|Any CPU
	EndGlobalSection
	GlobalSection(ProjectConfigurationPlatforms) = postSolution
		{02D75E68-F420-4497-91EA-C98FC19415DD}.Debug|Any CPU.ActiveCfg = Debug|Any CPU
		{02D75E68-F420-4497-91EA-C98FC19415DD}.Debug|Any CPU.Build.0 = Debug|Any CPU
		{02D75E68-F420-4497-91EA-C98FC19415DD}.Release|Any CPU.ActiveCfg = Release|Any CPU
		{02D75E68-F420-4497-91EA-C98FC19415DD}.Release|Any CPU.Build.0 = Release|Any CPU
	EndGlobalSection
	GlobalSection(SolutionProperties) = preSolution
		HideSolutionNode = FALSE
	EndGlobalSection
	GlobalSection(ExtensibilityGlobals) = postSolution
		SolutionGuid = {F9341AB3-58EE-428D-94F6-197670EE4973}
	EndGlobalSection
EndGlobal
